<?xml version="1.0" encoding="utf-8"?>
<Project ToolsVersion="4.0" xmlns="http://schemas.microsoft.com/developer/msbuild/2003">
  <ItemGroup>
    <Filter Include="Mellow">
      <UniqueIdentifier>{35FBDCC2-219D-0799-0A58-1BEDF6988EE9}</UniqueIdentifier>
    </Filter>
    <Filter Include="Mellow\Events">
      <UniqueIdentifier>{79592BB4-E519-A7EA-AE54-F0671AD4EBC6}</UniqueIdentifier>
    </Filter>
    <Filter Include="Mellow\ImGui">
      <UniqueIdentifier>{1F444434-0BA7-D3D8-B42C-0C8FA06E9F5B}</UniqueIdentifier>
    </Filter>
    <Filter Include="Platform">
      <UniqueIdentifier>{2AC788B4-1694-E3BF-3FAD-D1672BD9184E}</UniqueIdentifier>
    </Filter>
    <Filter Include="Platform\OpenGL">
      <UniqueIdentifier>{1E7D2C1D-8A08-9AE1-9319-1DD6FF23F6E1}</UniqueIdentifier>
    </Filter>
    <Filter Include="Platform\Windows">
      <UniqueIdentifier>{64FBD71A-50F4-F66C-7926-DCF1657ED678}</UniqueIdentifier>
    </Filter>
  </ItemGroup>
  <ItemGroup>
    <ClInclude Include="src\Mellow.h" />
    <ClInclude Include="src\Mellow\Application.h">
      <Filter>Mellow</Filter>
    </ClInclude>
    <ClInclude Include="src\Mellow\Core.h">
      <Filter>Mellow</Filter>
    </ClInclude>
    <ClInclude Include="src\Mellow\EntryPoint.h">
      <Filter>Mellow</Filter>
    </ClInclude>
    <ClInclude Include="src\Mellow\Events\ApplicationEvent.h">
      <Filter>Mellow\Events</Filter>
    </ClInclude>
    <ClInclude Include="src\Mellow\Events\Event.h">
      <Filter>Mellow\Events</Filter>
    </ClInclude>
    <ClInclude Include="src\Mellow\Events\KeyEvent.h">
      <Filter>Mellow\Events</Filter>
    </ClInclude>
    <ClInclude Include="src\Mellow\Events\MouseEvent.h">
      <Filter>Mellow\Events</Filter>
    </ClInclude>
    <ClInclude Include="src\Mellow\ImGui\ImGuiLayer.h">
      <Filter>Mellow\ImGui</Filter>
    </ClInclude>
    <ClInclude Include="src\Mellow\Layer.h">
      <Filter>Mellow</Filter>
    </ClInclude>
    <ClInclude Include="src\Mellow\LayerStack.h">
      <Filter>Mellow</Filter>
    </ClInclude>
    <ClInclude Include="src\Mellow\Log.h">
      <Filter>Mellow</Filter>
    </ClInclude>
    <ClInclude Include="src\Mellow\Window.h">
      <Filter>Mellow</Filter>
    </ClInclude>
    <ClInclude Include="src\Platform\OpenGL\ImGuiOpenGLRenderer.h">
      <Filter>Platform\OpenGL</Filter>
    </ClInclude>
    <ClInclude Include="src\Platform\Windows\WindowsWindow.h">
      <Filter>Platform\Windows</Filter>
    </ClInclude>
    <ClInclude Include="src\mwpch.h" />
    <ClInclude Include="src\Mellow\Input.h" />
    <ClInclude Include="src\Platform\Windows\WindowsInput.h" />
  </ItemGroup>
  <ItemGroup>
    <ClCompile Include="src\Mellow\Application.cpp">
      <Filter>Mellow</Filter>
    </ClCompile>
    <ClCompile Include="src\Mellow\ImGui\ImGuiLayer.cpp">
      <Filter>Mellow\ImGui</Filter>
    </ClCompile>
    <ClCompile Include="src\Mellow\Layer.cpp">
      <Filter>Mellow</Filter>
    </ClCompile>
    <ClCompile Include="src\Mellow\LayerStack.cpp">
      <Filter>Mellow</Filter>
    </ClCompile>
    <ClCompile Include="src\Mellow\Log.cpp">
      <Filter>Mellow</Filter>
    </ClCompile>
    <ClCompile Include="src\Platform\OpenGL\ImGuiOpenGLRenderer.cpp">
      <Filter>Platform\OpenGL</Filter>
    </ClCompile>
    <ClCompile Include="src\Platform\Windows\WindowsWindow.cpp">
      <Filter>Platform\Windows</Filter>
    </ClCompile>
    <ClCompile Include="src\mwpch.cpp" />
    <ClCompile Include="src\Platform\Windows\WindowsInput.cpp" />
  </ItemGroup>
</Project>